
Microsoft Visual Studio Solution File, Format Version 12.00
# Visual Studio 14
VisualStudioVersion = 14.0.25123.0
MinimumVisualStudioVersion = 10.0.40219.1
Project("{FAE04EC0-301F-11D3-BF4B-00C04F79EFBC}") = "KonjoBot", "Konjobot\KonjoBot.csproj", "{2062850A-4773-4A4C-9BFD-A24F4FDD72FA}"
EndProject
Project("{8BC9CEB8-8B4A-11D0-8D11-00A0C91BC942}") = "Hooker", "Hooker\Hooker.vcxproj", "{91CE43BA-42BC-482A-941B-D4B6B7806650}"
EndProject
Global
	GlobalSection(SolutionConfigurationPlatforms) = preSolution
		Debug|x86 = Debug|x86
		Release|x86 = Release|x86
	EndGlobalSection
	GlobalSection(ProjectConfigurationPlatforms) = postSolution
		{2062850A-4773-4A4C-9BFD-A24F4FDD72FA}.Debug|x86.ActiveCfg = Debug|x86
		{2062850A-4773-4A4C-9BFD-A24F4FDD72FA}.Debug|x86.Build.0 = Debug|x86
		{2062850A-4773-4A4C-9BFD-A24F4FDD72FA}.Release|x86.ActiveCfg = Release|x86
		{2062850A-4773-4A4C-9BFD-A24F4FDD72FA}.Release|x86.Build.0 = Release|x86
		{91CE43BA-42BC-482A-941B-D4B6B7806650}.Debug|x86.ActiveCfg = Debug|Win32
		{91CE43BA-42BC-482A-941B-D4B6B7806650}.Debug|x86.Build.0 = Debug|Win32
		{91CE43BA-42BC-482A-941B-D4B6B7806650}.Release|x86.ActiveCfg = Release|Win32
		{91CE43BA-42BC-482A-941B-D4B6B7806650}.Release|x86.Build.0 = Release|Win32
	EndGlobalSection
	GlobalSection(SolutionProperties) = preSolution
		HideSolutionNode = FALSE
	EndGlobalSection
EndGlobal
